
Microsoft Visual Studio Solution File, Format Version 12.00
# Visual Studio 15
VisualStudioVersion = 15.0.27004.2002
MinimumVisualStudioVersion = 10.0.40219.1
Project("{FAE04EC0-301F-11D3-BF4B-00C04F79EFBC}") = "SongRater", "SongRater\SongRater.csproj", "{6DF09F58-89E9-47F1-998A-8E4FB47DF655}"
EndProject
Global
	GlobalSection(SolutionConfigurationPlatforms) = preSolution
		Debug|Any CPU = Debug|Any CPU
		Release|Any CPU = Release|Any CPU
	EndGlobalSection
	GlobalSection(ProjectConfigurationPlatforms) = postSolution
		{6DF09F58-89E9-47F1-998A-8E4FB47DF655}.Debug|Any CPU.ActiveCfg = Debug|Any CPU
		{6DF09F58-89E9-47F1-998A-8E4FB47DF655}.Debug|Any CPU.Build.0 = Debug|Any CPU
		{6DF09F58-89E9-47F1-998A-8E4FB47DF655}.Release|Any CPU.ActiveCfg = Release|Any CPU
		{6DF09F58-89E9-47F1-998A-8E4FB47DF655}.Release|Any CPU.Build.0 = Release|Any CPU
	EndGlobalSection
	GlobalSection(SolutionProperties) = preSolution
		HideSolutionNode = FALSE
	EndGlobalSection
	GlobalSection(ExtensibilityGlobals) = postSolution
		SolutionGuid = {4EEAFEBE-77AC-423F-82CF-C778605C1A29}
	EndGlobalSection
EndGlobal
